// !$*UTF8*$!
{
	archiveVersion = 1;
	classes = {
	};
	objectVersion = 77;
	objects = {

/* Begin PBXBuildFile section */
		4534E1922F3E6F9B00C6502C /* AppDelegate.swift in Sources */ = {isa = PBXBuildFile; fileRef = 4534E1912F3E6F9B00C6502C /* AppDelegate.swift */; };
		4534E1942F3E6F9B00C6502C /* SceneDelegate.swift in Sources */ = {isa = PBXBuildFile; fileRef = 4534E1932F3E6F9B00C6502C /* SceneDelegate.swift */; };
		4534E1972F3E6F9B00C6502C /* LaunchScreen.storyboard in Resources */ = {isa = PBXBuildFile; fileRef = 4534E1952F3E6F9B00C6502C /* LaunchScreen.storyboard */; };
		4534E19A2F3E6F9B00C6502C /* Main.storyboard in Resources */ = {isa = PBXBuildFile; fileRef = 4534E1982F3E6F9B00C6502C /* Main.storyboard */; };
		4534E1A32F3E6F9B00C6502C /* AppDelegate.swift in Sources */ = {isa = PBXBuildFile; fileRef = 4534E1A22F3E6F9B00C6502C /* AppDelegate.swift */; };
		4534E1A62F3E6F9B00C6502C /* Main.storyboard in Resources */ = {isa = PBXBuildFile; fileRef = 4534E1A42F3E6F9B00C6502C /* Main.storyboard */; };
		4534E1AD2F3E6F9B00C6502C /* Tab ToDo - Safari Extension.appex in Embed Foundation Extensions */ = {isa = PBXBuildFile; fileRef = 4534E1AC2F3E6F9B00C6502C /* Tab ToDo - Safari Extension.appex */; settings = {ATTRIBUTES = (RemoveHeadersOnCopy, ); }; };
		4534E1B72F3E6F9B00C6502C /* Tab ToDo - Safari Extension.appex in Embed Foundation Extensions */ = {isa = PBXBuildFile; fileRef = 4534E1B62F3E6F9B00C6502C /* Tab ToDo - Safari Extension.appex */; settings = {ATTRIBUTES = (RemoveHeadersOnCopy, ); }; };
		4534E1BC2F3E6F9B00C6502C /* Main.html in Resources */ = {isa = PBXBuildFile; fileRef = 4534E1812F3E6F9A00C6502C /* Main.html */; };
		4534E1BD2F3E6F9B00C6502C /* Main.html in Resources */ = {isa = PBXBuildFile; fileRef = 4534E1812F3E6F9A00C6502C /* Main.html */; };
		4534E1BE2F3E6F9B00C6502C /* Icon.png in Resources */ = {isa = PBXBuildFile; fileRef = 4534E1832F3E6F9A00C6502C /* Icon.png */; };
		4534E1BF2F3E6F9B00C6502C /* Icon.png in Resources */ = {isa = PBXBuildFile; fileRef = 4534E1832F3E6F9A00C6502C /* Icon.png */; };
		4534E1C02F3E6F9B00C6502C /* Style.css in Resources */ = {isa = PBXBuildFile; fileRef = 4534E1842F3E6F9A00C6502C /* Style.css */; };
		4534E1C12F3E6F9B00C6502C /* Style.css in Resources */ = {isa = PBXBuildFile; fileRef = 4534E1842F3E6F9A00C6502C /* Style.css */; };
		4534E1C22F3E6F9B00C6502C /* Script.js in Resources */ = {isa = PBXBuildFile; fileRef = 4534E1852F3E6F9A00C6502C /* Script.js */; };
		4534E1C32F3E6F9B00C6502C /* Script.js in Resources */ = {isa = PBXBuildFile; fileRef = 4534E1852F3E6F9A00C6502C /* Script.js */; };
		4534E1C42F3E6F9B00C6502C /* ViewController.swift in Sources */ = {isa = PBXBuildFile; fileRef = 4534E1862F3E6F9A00C6502C /* ViewController.swift */; };
		4534E1C52F3E6F9B00C6502C /* ViewController.swift in Sources */ = {isa = PBXBuildFile; fileRef = 4534E1862F3E6F9A00C6502C /* ViewController.swift */; };
		4534E1C62F3E6F9B00C6502C /* Assets.xcassets in Resources */ = {isa = PBXBuildFile; fileRef = 4534E1872F3E6F9B00C6502C /* Assets.xcassets */; };
		4534E1C72F3E6F9B00C6502C /* Assets.xcassets in Resources */ = {isa = PBXBuildFile; fileRef = 4534E1872F3E6F9B00C6502C /* Assets.xcassets */; };
		4534E1C82F3E6F9B00C6502C /* SafariWebExtensionHandler.swift in Sources */ = {isa = PBXBuildFile; fileRef = 4534E1892F3E6F9B00C6502C /* SafariWebExtensionHandler.swift */; };
		4534E1C92F3E6F9B00C6502C /* SafariWebExtensionHandler.swift in Sources */ = {isa = PBXBuildFile; fileRef = 4534E1892F3E6F9B00C6502C /* SafariWebExtensionHandler.swift */; };
		4534E1E12F3E6F9B00C6502C /* popup.js in Resources */ = {isa = PBXBuildFile; fileRef = 4534E1DB2F3E6F9B00C6502C /* popup.js */; };
		4534E1E22F3E6F9B00C6502C /* styles.css in Resources */ = {isa = PBXBuildFile; fileRef = 4534E1DC2F3E6F9B00C6502C /* styles.css */; };
		4534E1E32F3E6F9B00C6502C /* popup.html in Resources */ = {isa = PBXBuildFile; fileRef = 4534E1DD2F3E6F9B00C6502C /* popup.html */; };
		4534E1E42F3E6F9B00C6502C /* icons in Resources */ = {isa = PBXBuildFile; fileRef = 4534E1DE2F3E6F9B00C6502C /* icons */; };
		4534E1E52F3E6F9B00C6502C /* manifest.json in Resources */ = {isa = PBXBuildFile; fileRef = 4534E1DF2F3E6F9B00C6502C /* manifest.json */; };
		4534E1E62F3E6F9B00C6502C /* storage.js in Resources */ = {isa = PBXBuildFile; fileRef = 4534E1E02F3E6F9B00C6502C /* storage.js */; };
		4534E1E72F3E6F9B00C6502C /* popup.js in Resources */ = {isa = PBXBuildFile; fileRef = 4534E1DB2F3E6F9B00C6502C /* popup.js */; };
		4534E1E82F3E6F9B00C6502C /* styles.css in Resources */ = {isa = PBXBuildFile; fileRef = 4534E1DC2F3E6F9B00C6502C /* styles.css */; };
		4534E1E92F3E6F9B00C6502C /* popup.html in Resources */ = {isa = PBXBuildFile; fileRef = 4534E1DD2F3E6F9B00C6502C /* popup.html */; };
		4534E1EA2F3E6F9B00C6502C /* icons in Resources */ = {isa = PBXBuildFile; fileRef = 4534E1DE2F3E6F9B00C6502C /* icons */; };
		4534E1EB2F3E6F9B00C6502C /* manifest.json in Resources */ = {isa = PBXBuildFile; fileRef = 4534E1DF2F3E6F9B00C6502C /* manifest.json */; };
		4534E1EC2F3E6F9B00C6502C /* storage.js in Resources */ = {isa = PBXBuildFile; fileRef = 4534E1E02F3E6F9B00C6502C /* storage.js */; };
/* End PBXBuildFile section */

/* Begin PBXContainerItemProxy section */
		4534E1AE2F3E6F9B00C6502C /* PBXContainerItemProxy */ = {
			isa = PBXContainerItemProxy;
			containerPortal = 4534E17B2F3E6F9A00C6502C /* Project object */;
			proxyType = 1;
			remoteGlobalIDString = 4534E1AB2F3E6F9B00C6502C;
			remoteInfo = "Tab ToDo - Safari Extension (iOS)";
		};
		4534E1B82F3E6F9B00C6502C /* PBXContainerItemProxy */ = {
			isa = PBXContainerItemProxy;
			containerPortal = 4534E17B2F3E6F9A00C6502C /* Project object */;
			proxyType = 1;
			remoteGlobalIDString = 4534E1B52F3E6F9B00C6502C;
			remoteInfo = "Tab ToDo - Safari Extension (macOS)";
		};
/* End PBXContainerItemProxy section */

/* Begin PBXCopyFilesBuildPhase section */
		4534E1CF2F3E6F9B00C6502C /* Embed Foundation Extensions */ = {
			isa = PBXCopyFilesBuildPhase;
			buildActionMask = 2147483647;
			dstPath = "";
			dstSubfolderSpec = 13;
			files = (
				4534E1AD2F3E6F9B00C6502C /* Tab ToDo - Safari Extension.appex in Embed Foundation Extensions */,
			);
			name = "Embed Foundation Extensions";
			runOnlyForDeploymentPostprocessing = 0;
		};
		4534E1D62F3E6F9B00C6502C /* Embed Foundation Extensions */ = {
			isa = PBXCopyFilesBuildPhase;
			buildActionMask = 2147483647;
			dstPath = "";
			dstSubfolderSpec = 13;
			files = (
				4534E1B72F3E6F9B00C6502C /* Tab ToDo - Safari Extension.appex in Embed Foundation Extensions */,
			);
			name = "Embed Foundation Extensions";
			runOnlyForDeploymentPostprocessing = 0;
		};
/* End PBXCopyFilesBuildPhase section */

/* Begin PBXFileReference section */
		4534E1822F3E6F9A00C6502C /* Base */ = {isa = PBXFileReference; lastKnownFileType = text.html; name = Base; path = Base.lproj/Main.html; sourceTree = "<group>"; };
		4534E1832F3E6F9A00C6502C /* Icon.png */ = {isa = PBXFileReference; lastKnownFileType = image.png; path = Icon.png; sourceTree = "<group>"; };
		4534E1842F3E6F9A00C6502C /* Style.css */ = {isa = PBXFileReference; lastKnownFileType = text.css; path = Style.css; sourceTree = "<group>"; };
		4534E1852F3E6F9A00C6502C /* Script.js */ = {isa = PBXFileReference; lastKnownFileType = sourcecode.javascript; path = Script.js; sourceTree = "<group>"; };
		4534E1862F3E6F9A00C6502C /* ViewController.swift */ = {isa = PBXFileReference; lastKnownFileType = sourcecode.swift; path = ViewController.swift; sourceTree = "<group>"; };
		4534E1872F3E6F9B00C6502C /* Assets.xcassets */ = {isa = PBXFileReference; lastKnownFileType = folder.assetcatalog; path = Assets.xcassets; sourceTree = "<group>"; };
		4534E1892F3E6F9B00C6502C /* SafariWebExtensionHandler.swift */ = {isa = PBXFileReference; lastKnownFileType = sourcecode.swift; path = SafariWebExtensionHandler.swift; sourceTree = "<group>"; };
		4534E18E2F3E6F9B00C6502C /* Tab ToDo - Safari.app */ = {isa = PBXFileReference; explicitFileType = wrapper.application; includeInIndex = 0; path = "Tab ToDo - Safari.app"; sourceTree = BUILT_PRODUCTS_DIR; };
		4534E1912F3E6F9B00C6502C /* AppDelegate.swift */ = {isa = PBXFileReference; lastKnownFileType = sourcecode.swift; path = AppDelegate.swift; sourceTree = "<group>"; };
		4534E1932F3E6F9B00C6502C /* SceneDelegate.swift */ = {isa = PBXFileReference; lastKnownFileType = sourcecode.swift; path = SceneDelegate.swift; sourceTree = "<group>"; };
		4534E1962F3E6F9B00C6502C /* Base */ = {isa = PBXFileReference; lastKnownFileType = file.storyboard; name = Base; path = Base.lproj/LaunchScreen.storyboard; sourceTree = "<group>"; };
		4534E1992F3E6F9B00C6502C /* Base */ = {isa = PBXFileReference; lastKnownFileType = file.storyboard; name = Base; path = Base.lproj/Main.storyboard; sourceTree = "<group>"; };
		4534E19B2F3E6F9B00C6502C /* Info.plist */ = {isa = PBXFileReference; lastKnownFileType = text.plist.xml; path = Info.plist; sourceTree = "<group>"; };
		4534E1A02F3E6F9B00C6502C /* Tab ToDo - Safari.app */ = {isa = PBXFileReference; explicitFileType = wrapper.application; includeInIndex = 0; path = "Tab ToDo - Safari.app"; sourceTree = BUILT_PRODUCTS_DIR; };
		4534E1A22F3E6F9B00C6502C /* AppDelegate.swift */ = {isa = PBXFileReference; lastKnownFileType = sourcecode.swift; path = AppDelegate.swift; sourceTree = "<group>"; };
		4534E1A52F3E6F9B00C6502C /* Base */ = {isa = PBXFileReference; lastKnownFileType = file.storyboard; name = Base; path = Base.lproj/Main.storyboard; sourceTree = "<group>"; };
		4534E1A72F3E6F9B00C6502C /* Info.plist */ = {isa = PBXFileReference; lastKnownFileType = text.plist.xml; path = Info.plist; sourceTree = "<group>"; };
		4534E1AC2F3E6F9B00C6502C /* Tab ToDo - Safari Extension.appex */ = {isa = PBXFileReference; explicitFileType = "wrapper.app-extension"; includeInIndex = 0; path = "Tab ToDo - Safari Extension.appex"; sourceTree = BUILT_PRODUCTS_DIR; };
		4534E1B12F3E6F9B00C6502C /* Info.plist */ = {isa = PBXFileReference; lastKnownFileType = text.plist.xml; path = Info.plist; sourceTree = "<group>"; };
		4534E1B62F3E6F9B00C6502C /* Tab ToDo - Safari Extension.appex */ = {isa = PBXFileReference; explicitFileType = "wrapper.app-extension"; includeInIndex = 0; path = "Tab ToDo - Safari Extension.appex"; sourceTree = BUILT_PRODUCTS_DIR; };
		4534E1BB2F3E6F9B00C6502C /* Info.plist */ = {isa = PBXFileReference; lastKnownFileType = text.plist.xml; path = Info.plist; sourceTree = "<group>"; };
		4534E1DB2F3E6F9B00C6502C /* popup.js */ = {isa = PBXFileReference; lastKnownFileType = sourcecode.javascript; name = popup.js; path = "../../safari-web-extension/popup.js"; sourceTree = "<group>"; };
		4534E1DC2F3E6F9B00C6502C /* styles.css */ = {isa = PBXFileReference; lastKnownFileType = text.css; name = styles.css; path = "../../safari-web-extension/styles.css"; sourceTree = "<group>"; };
		4534E1DD2F3E6F9B00C6502C /* popup.html */ = {isa = PBXFileReference; lastKnownFileType = text.html; name = popup.html; path = "../../safari-web-extension/popup.html"; sourceTree = "<group>"; };
		4534E1DE2F3E6F9B00C6502C /* icons */ = {isa = PBXFileReference; lastKnownFileType = folder; name = icons; path = "../../safari-web-extension/icons"; sourceTree = "<group>"; };
		4534E1DF2F3E6F9B00C6502C /* manifest.json */ = {isa = PBXFileReference; lastKnownFileType = text.json; name = manifest.json; path = "../../safari-web-extension/manifest.json"; sourceTree = "<group>"; };
		4534E1E02F3E6F9B00C6502C /* storage.js */ = {isa = PBXFileReference; lastKnownFileType = sourcecode.javascript; name = storage.js; path = "../../safari-web-extension/storage.js"; sourceTree = "<group>"; };
/* End PBXFileReference section */

/* Begin PBXFrameworksBuildPhase section */
		4534E18B2F3E6F9B00C6502C /* Frameworks */ = {
			isa = PBXFrameworksBuildPhase;
			buildActionMask = 2147483647;
			files = (
			);
			runOnlyForDeploymentPostprocessing = 0;
		};
		4534E19D2F3E6F9B00C6502C /* Frameworks */ = {
			isa = PBXFrameworksBuildPhase;
			buildActionMask = 2147483647;
			files = (
			);
			runOnlyForDeploymentPostprocessing = 0;
		};
		4534E1A92F3E6F9B00C6502C /* Frameworks */ = {
			isa = PBXFrameworksBuildPhase;
			buildActionMask = 2147483647;
			files = (
			);
			runOnlyForDeploymentPostprocessing = 0;
		};
		4534E1B32F3E6F9B00C6502C /* Frameworks */ = {
			isa = PBXFrameworksBuildPhase;
			buildActionMask = 2147483647;
			files = (
			);
			runOnlyForDeploymentPostprocessing = 0;
		};
/* End PBXFrameworksBuildPhase section */

/* Begin PBXGroup section */
		4534E17A2F3E6F9A00C6502C = {
			isa = PBXGroup;
			children = (
				4534E17F2F3E6F9A00C6502C /* Shared (App) */,
				4534E1882F3E6F9B00C6502C /* Shared (Extension) */,
				4534E1902F3E6F9B00C6502C /* iOS (App) */,
				4534E1A12F3E6F9B00C6502C /* macOS (App) */,
				4534E1B02F3E6F9B00C6502C /* iOS (Extension) */,
				4534E1BA2F3E6F9B00C6502C /* macOS (Extension) */,
				4534E18F2F3E6F9B00C6502C /* Products */,
			);
			sourceTree = "<group>";
		};
		4534E17F2F3E6F9A00C6502C /* Shared (App) */ = {
			isa = PBXGroup;
			children = (
				4534E1862F3E6F9A00C6502C /* ViewController.swift */,
				4534E1872F3E6F9B00C6502C /* Assets.xcassets */,
				4534E1802F3E6F9A00C6502C /* Resources */,
			);
			path = "Shared (App)";
			sourceTree = "<group>";
		};
		4534E1802F3E6F9A00C6502C /* Resources */ = {
			isa = PBXGroup;
			children = (
				4534E1812F3E6F9A00C6502C /* Main.html */,
				4534E1832F3E6F9A00C6502C /* Icon.png */,
				4534E1842F3E6F9A00C6502C /* Style.css */,
				4534E1852F3E6F9A00C6502C /* Script.js */,
			);
			path = Resources;
			sourceTree = "<group>";
		};
		4534E1882F3E6F9B00C6502C /* Shared (Extension) */ = {
			isa = PBXGroup;
			children = (
				4534E1DA2F3E6F9B00C6502C /* Resources */,
				4534E1892F3E6F9B00C6502C /* SafariWebExtensionHandler.swift */,
			);
			path = "Shared (Extension)";
			sourceTree = "<group>";
		};
		4534E18F2F3E6F9B00C6502C /* Products */ = {
			isa = PBXGroup;
			children = (
				4534E18E2F3E6F9B00C6502C /* Tab ToDo - Safari.app */,
				4534E1A02F3E6F9B00C6502C /* Tab ToDo - Safari.app */,
				4534E1AC2F3E6F9B00C6502C /* Tab ToDo - Safari Extension.appex */,
				4534E1B62F3E6F9B00C6502C /* Tab ToDo - Safari Extension.appex */,
			);
			name = Products;
			sourceTree = "<group>";
		};
		4534E1902F3E6F9B00C6502C /* iOS (App) */ = {
			isa = PBXGroup;
			children = (
				4534E1912F3E6F9B00C6502C /* AppDelegate.swift */,
				4534E1932F3E6F9B00C6502C /* SceneDelegate.swift */,
				4534E1952F3E6F9B00C6502C /* LaunchScreen.storyboard */,
				4534E1982F3E6F9B00C6502C /* Main.storyboard */,
				4534E19B2F3E6F9B00C6502C /* Info.plist */,
			);
			path = "iOS (App)";
			sourceTree = "<group>";
		};
		4534E1A12F3E6F9B00C6502C /* macOS (App) */ = {
			isa = PBXGroup;
			children = (
				4534E1A22F3E6F9B00C6502C /* AppDelegate.swift */,
				4534E1A42F3E6F9B00C6502C /* Main.storyboard */,
				4534E1A72F3E6F9B00C6502C /* Info.plist */,
			);
			path = "macOS (App)";
			sourceTree = "<group>";
		};
		4534E1B02F3E6F9B00C6502C /* iOS (Extension) */ = {
			isa = PBXGroup;
			children = (
				4534E1B12F3E6F9B00C6502C /* Info.plist */,
			);
			path = "iOS (Extension)";
			sourceTree = "<group>";
		};
		4534E1BA2F3E6F9B00C6502C /* macOS (Extension) */ = {
			isa = PBXGroup;
			children = (
				4534E1BB2F3E6F9B00C6502C /* Info.plist */,
			);
			path = "macOS (Extension)";
			sourceTree = "<group>";
		};
		4534E1DA2F3E6F9B00C6502C /* Resources */ = {
			isa = PBXGroup;
			children = (
				4534E1DB2F3E6F9B00C6502C /* popup.js */,
				4534E1DC2F3E6F9B00C6502C /* styles.css */,
				4534E1DD2F3E6F9B00C6502C /* popup.html */,
				4534E1DE2F3E6F9B00C6502C /* icons */,
				4534E1DF2F3E6F9B00C6502C /* manifest.json */,
				4534E1E02F3E6F9B00C6502C /* storage.js */,
			);
			name = Resources;
			path = "Shared (Extension)";
			sourceTree = SOURCE_ROOT;
		};
/* End PBXGroup section */

/* Begin PBXNativeTarget section */
		4534E18D2F3E6F9B00C6502C /* Tab ToDo - Safari (iOS) */ = {
			isa = PBXNativeTarget;
			buildConfigurationList = 4534E1D02F3E6F9B00C6502C /* Build configuration list for PBXNativeTarget "Tab ToDo - Safari (iOS)" */;
			buildPhases = (
				4534E18A2F3E6F9B00C6502C /* Sources */,
				4534E18B2F3E6F9B00C6502C /* Frameworks */,
				4534E18C2F3E6F9B00C6502C /* Resources */,
				4534E1CF2F3E6F9B00C6502C /* Embed Foundation Extensions */,
			);
			buildRules = (
			);
			dependencies = (
				4534E1AF2F3E6F9B00C6502C /* PBXTargetDependency */,
			);
			name = "Tab ToDo - Safari (iOS)";
			packageProductDependencies = (
			);
			productName = "Tab ToDo - Safari (iOS)";
			productReference = 4534E18E2F3E6F9B00C6502C /* Tab ToDo - Safari.app */;
			productType = "com.apple.product-type.application";
		};
		4534E19F2F3E6F9B00C6502C /* Tab ToDo - Safari (macOS) */ = {
			isa = PBXNativeTarget;
			buildConfigurationList = 4534E1D72F3E6F9B00C6502C /* Build configuration list for PBXNativeTarget "Tab ToDo - Safari (macOS)" */;
			buildPhases = (
				4534E19C2F3E6F9B00C6502C /* Sources */,
				4534E19D2F3E6F9B00C6502C /* Frameworks */,
				4534E19E2F3E6F9B00C6502C /* Resources */,
				4534E1D62F3E6F9B00C6502C /* Embed Foundation Extensions */,
			);
			buildRules = (
			);
			dependencies = (
				4534E1B92F3E6F9B00C6502C /* PBXTargetDependency */,
			);
			name = "Tab ToDo - Safari (macOS)";
			packageProductDependencies = (
			);
			productName = "Tab ToDo - Safari (macOS)";
			productReference = 4534E1A02F3E6F9B00C6502C /* Tab ToDo - Safari.app */;
			productType = "com.apple.product-type.application";
		};
		4534E1AB2F3E6F9B00C6502C /* Tab ToDo - Safari Extension (iOS) */ = {
			isa = PBXNativeTarget;
			buildConfigurationList = 4534E1CC2F3E6F9B00C6502C /* Build configuration list for PBXNativeTarget "Tab ToDo - Safari Extension (iOS)" */;
			buildPhases = (
				4534E1A82F3E6F9B00C6502C /* Sources */,
				4534E1A92F3E6F9B00C6502C /* Frameworks */,
				4534E1AA2F3E6F9B00C6502C /* Resources */,
			);
			buildRules = (
			);
			dependencies = (
			);
			name = "Tab ToDo - Safari Extension (iOS)";
			packageProductDependencies = (
			);
			productName = "Tab ToDo - Safari Extension (iOS)";
			productReference = 4534E1AC2F3E6F9B00C6502C /* Tab ToDo - Safari Extension.appex */;
			productType = "com.apple.product-type.app-extension";
		};
		4534E1B52F3E6F9B00C6502C /* Tab ToDo - Safari Extension (macOS) */ = {
			isa = PBXNativeTarget;
			buildConfigurationList = 4534E1D32F3E6F9B00C6502C /* Build configuration list for PBXNativeTarget "Tab ToDo - Safari Extension (macOS)" */;
			buildPhases = (
				4534E1B22F3E6F9B00C6502C /* Sources */,
				4534E1B32F3E6F9B00C6502C /* Frameworks */,
				4534E1B42F3E6F9B00C6502C /* Resources */,
			);
			buildRules = (
			);
			dependencies = (
			);
			name = "Tab ToDo - Safari Extension (macOS)";
			packageProductDependencies = (
			);
			productName = "Tab ToDo - Safari Extension (macOS)";
			productReference = 4534E1B62F3E6F9B00C6502C /* Tab ToDo - Safari Extension.appex */;
			productType = "com.apple.product-type.app-extension";
		};
/* End PBXNativeTarget section */

/* Begin PBXProject section */
		4534E17B2F3E6F9A00C6502C /* Project object */ = {
			isa = PBXProject;
			attributes = {
				BuildIndependentTargetsInParallel = 1;
				LastSwiftUpdateCheck = 2620;
				LastUpgradeCheck = 2620;
				TargetAttributes = {
					4534E18D2F3E6F9B00C6502C = {
						CreatedOnToolsVersion = 26.2;
					};
					4534E19F2F3E6F9B00C6502C = {
						CreatedOnToolsVersion = 26.2;
					};
					4534E1AB2F3E6F9B00C6502C = {
						CreatedOnToolsVersion = 26.2;
					};
					4534E1B52F3E6F9B00C6502C = {
						CreatedOnToolsVersion = 26.2;
					};
				};
			};
			buildConfigurationList = 4534E17E2F3E6F9A00C6502C /* Build configuration list for PBXProject "Tab ToDo - Safari" */;
			developmentRegion = en;
			hasScannedForEncodings = 0;
			knownRegions = (
				en,
				Base,
			);
			mainGroup = 4534E17A2F3E6F9A00C6502C;
			minimizedProjectReferenceProxies = 1;
			preferredProjectObjectVersion = 77;
			productRefGroup = 4534E18F2F3E6F9B00C6502C /* Products */;
			projectDirPath = "";
			projectRoot = "";
			targets = (
				4534E18D2F3E6F9B00C6502C /* Tab ToDo - Safari (iOS) */,
				4534E19F2F3E6F9B00C6502C /* Tab ToDo - Safari (macOS) */,
				4534E1AB2F3E6F9B00C6502C /* Tab ToDo - Safari Extension (iOS) */,
				4534E1B52F3E6F9B00C6502C /* Tab ToDo - Safari Extension (macOS) */,
			);
		};
/* End PBXProject section */

/* Begin PBXResourcesBuildPhase section */
		4534E18C2F3E6F9B00C6502C /* Resources */ = {
			isa = PBXResourcesBuildPhase;
			buildActionMask = 2147483647;
			files = (
				4534E1BE2F3E6F9B00C6502C /* Icon.png in Resources */,
				4534E1972F3E6F9B00C6502C /* LaunchScreen.storyboard in Resources */,
				4534E1BC2F3E6F9B00C6502C /* Main.html in Resources */,
				4534E1C22F3E6F9B00C6502C /* Script.js in Resources */,
				4534E1C62F3E6F9B00C6502C /* Assets.xcassets in Resources */,
				4534E19A2F3E6F9B00C6502C /* Main.storyboard in Resources */,
				4534E1C02F3E6F9B00C6502C /* Style.css in Resources */,
			);
			runOnlyForDeploymentPostprocessing = 0;
		};
		4534E19E2F3E6F9B00C6502C /* Resources */ = {
			isa = PBXResourcesBuildPhase;
			buildActionMask = 2147483647;
			files = (
				4534E1BF2F3E6F9B00C6502C /* Icon.png in Resources */,
				4534E1C12F3E6F9B00C6502C /* Style.css in Resources */,
				4534E1A62F3E6F9B00C6502C /* Main.storyboard in Resources */,
				4534E1C32F3E6F9B00C6502C /* Script.js in Resources */,
				4534E1C72F3E6F9B00C6502C /* Assets.xcassets in Resources */,
				4534E1BD2F3E6F9B00C6502C /* Main.html in Resources */,
			);
			runOnlyForDeploymentPostprocessing = 0;
		};
		4534E1AA2F3E6F9B00C6502C /* Resources */ = {
			isa = PBXResourcesBuildPhase;
			buildActionMask = 2147483647;
			files = (
				4534E1E72F3E6F9B00C6502C /* popup.js in Resources */,
				4534E1EA2F3E6F9B00C6502C /* icons in Resources */,
				4534E1EC2F3E6F9B00C6502C /* storage.js in Resources */,
				4534E1EB2F3E6F9B00C6502C /* manifest.json in Resources */,
				4534E1E92F3E6F9B00C6502C /* popup.html in Resources */,
				4534E1E82F3E6F9B00C6502C /* styles.css in Resources */,
			);
			runOnlyForDeploymentPostprocessing = 0;
		};
		4534E1B42F3E6F9B00C6502C /* Resources */ = {
			isa = PBXResourcesBuildPhase;
			buildActionMask = 2147483647;
			files = (
				4534E1E12F3E6F9B00C6502C /* popup.js in Resources */,
				4534E1E42F3E6F9B00C6502C /* icons in Resources */,
				4534E1E62F3E6F9B00C6502C /* storage.js in Resources */,
				4534E1E52F3E6F9B00C6502C /* manifest.json in Resources */,
				4534E1E32F3E6F9B00C6502C /* popup.html in Resources */,
				4534E1E22F3E6F9B00C6502C /* styles.css in Resources */,
			);
			runOnlyForDeploymentPostprocessing = 0;
		};
/* End PBXResourcesBuildPhase section */

/* Begin PBXSourcesBuildPhase section */
		4534E18A2F3E6F9B00C6502C /* Sources */ = {
			isa = PBXSourcesBuildPhase;
			buildActionMask = 2147483647;
			files = (
				4534E1C42F3E6F9B00C6502C /* ViewController.swift in Sources */,
				4534E1922F3E6F9B00C6502C /* AppDelegate.swift in Sources */,
				4534E1942F3E6F9B00C6502C /* SceneDelegate.swift in Sources */,
			);
			runOnlyForDeploymentPostprocessing = 0;
		};
		4534E19C2F3E6F9B00C6502C /* Sources */ = {
			isa = PBXSourcesBuildPhase;
			buildActionMask = 2147483647;
			files = (
				4534E1C52F3E6F9B00C6502C /* ViewController.swift in Sources */,
				4534E1A32F3E6F9B00C6502C /* AppDelegate.swift in Sources */,
			);
			runOnlyForDeploymentPostprocessing = 0;
		};
		4534E1A82F3E6F9B00C6502C /* Sources */ = {
			isa = PBXSourcesBuildPhase;
			buildActionMask = 2147483647;
			files = (
				4534E1C82F3E6F9B00C6502C /* SafariWebExtensionHandler.swift in Sources */,
			);
			runOnlyForDeploymentPostprocessing = 0;
		};
		4534E1B22F3E6F9B00C6502C /* Sources */ = {
			isa = PBXSourcesBuildPhase;
			buildActionMask = 2147483647;
			files = (
				4534E1C92F3E6F9B00C6502C /* SafariWebExtensionHandler.swift in Sources */,
			);
			runOnlyForDeploymentPostprocessing = 0;
		};
/* End PBXSourcesBuildPhase section */

/* Begin PBXTargetDependency section */
		4534E1AF2F3E6F9B00C6502C /* PBXTargetDependency */ = {
			isa = PBXTargetDependency;
			target = 4534E1AB2F3E6F9B00C6502C /* Tab ToDo - Safari Extension (iOS) */;
			targetProxy = 4534E1AE2F3E6F9B00C6502C /* PBXContainerItemProxy */;
		};
		4534E1B92F3E6F9B00C6502C /* PBXTargetDependency */ = {
			isa = PBXTargetDependency;
			target = 4534E1B52F3E6F9B00C6502C /* Tab ToDo - Safari Extension (macOS) */;
			targetProxy = 4534E1B82F3E6F9B00C6502C /* PBXContainerItemProxy */;
		};
/* End PBXTargetDependency section */

/* Begin PBXVariantGroup section */
		4534E1812F3E6F9A00C6502C /* Main.html */ = {
			isa = PBXVariantGroup;
			children = (
				4534E1822F3E6F9A00C6502C /* Base */,
			);
			name = Main.html;
			sourceTree = "<group>";
		};
		4534E1952F3E6F9B00C6502C /* LaunchScreen.storyboard */ = {
			isa = PBXVariantGroup;
			children = (
				4534E1962F3E6F9B00C6502C /* Base */,
			);
			name = LaunchScreen.storyboard;
			sourceTree = "<group>";
		};
		4534E1982F3E6F9B00C6502C /* Main.storyboard */ = {
			isa = PBXVariantGroup;
			children = (
				4534E1992F3E6F9B00C6502C /* Base */,
			);
			name = Main.storyboard;
			sourceTree = "<group>";
		};
		4534E1A42F3E6F9B00C6502C /* Main.storyboard */ = {
			isa = PBXVariantGroup;
			children = (
				4534E1A52F3E6F9B00C6502C /* Base */,
			);
			name = Main.storyboard;
			sourceTree = "<group>";
		};
/* End PBXVariantGroup section */

/* Begin XCBuildConfiguration section */
		4534E1CA2F3E6F9B00C6502C /* Debug */ = {
			isa = XCBuildConfiguration;
			buildSettings = {
				ALWAYS_SEARCH_USER_PATHS = NO;
				ASSETCATALOG_COMPILER_GENERATE_SWIFT_ASSET_SYMBOL_EXTENSIONS = YES;
				CLANG_ANALYZER_NONNULL = YES;
				CLANG_ANALYZER_NUMBER_OBJECT_CONVERSION = YES_AGGRESSIVE;
				CLANG_CXX_LANGUAGE_STANDARD = "gnu++20";
				CLANG_ENABLE_MODULES = YES;
				CLANG_ENABLE_OBJC_ARC = YES;
				CLANG_ENABLE_OBJC_WEAK = YES;
				CLANG_WARN_BLOCK_CAPTURE_AUTORELEASING = YES;
				CLANG_WARN_BOOL_CONVERSION = YES;
				CLANG_WARN_COMMA = YES;
				CLANG_WARN_CONSTANT_CONVERSION = YES;
				CLANG_WARN_DEPRECATED_OBJC_IMPLEMENTATIONS = YES;
				CLANG_WARN_DIRECT_OBJC_ISA_USAGE = YES_ERROR;
				CLANG_WARN_DOCUMENTATION_COMMENTS = YES;
				CLANG_WARN_EMPTY_BODY = YES;
				CLANG_WARN_ENUM_CONVERSION = YES;
				CLANG_WARN_INFINITE_RECURSION = YES;
				CLANG_WARN_INT_CONVERSION = YES;
				CLANG_WARN_NON_LITERAL_NULL_CONVERSION = YES;
				CLANG_WARN_OBJC_IMPLICIT_RETAIN_SELF = YES;
				CLANG_WARN_OBJC_LITERAL_CONVERSION = YES;
				CLANG_WARN_OBJC_ROOT_CLASS = YES_ERROR;
				CLANG_WARN_QUOTED_INCLUDE_IN_FRAMEWORK_HEADER = YES;
				CLANG_WARN_RANGE_LOOP_ANALYSIS = YES;
				CLANG_WARN_STRICT_PROTOTYPES = YES;
				CLANG_WARN_SUSPICIOUS_MOVE = YES;
				CLANG_WARN_UNGUARDED_AVAILABILITY = YES_AGGRESSIVE;
				CLANG_WARN_UNREACHABLE_CODE = YES;
				CLANG_WARN__DUPLICATE_METHOD_MATCH = YES;
				COPY_PHASE_STRIP = NO;
				DEBUG_INFORMATION_FORMAT = dwarf;
				ENABLE_STRICT_OBJC_MSGSEND = YES;
				ENABLE_TESTABILITY = YES;
				ENABLE_USER_SCRIPT_SANDBOXING = YES;
				GCC_C_LANGUAGE_STANDARD = gnu17;
				GCC_DYNAMIC_NO_PIC = NO;
				GCC_NO_COMMON_BLOCKS = YES;
				GCC_OPTIMIZATION_LEVEL = 0;
				GCC_PREPROCESSOR_DEFINITIONS = (
					"DEBUG=1",
					"$(inherited)",
				);
				GCC_WARN_64_TO_32_BIT_CONVERSION = YES;
				GCC_WARN_ABOUT_RETURN_TYPE = YES_ERROR;
				GCC_WARN_UNDECLARED_SELECTOR = YES;
				GCC_WARN_UNINITIALIZED_AUTOS = YES_AGGRESSIVE;
				GCC_WARN_UNUSED_FUNCTION = YES;
				GCC_WARN_UNUSED_VARIABLE = YES;
				LOCALIZATION_PREFERS_STRING_CATALOGS = YES;
				MTL_ENABLE_DEBUG_INFO = INCLUDE_SOURCE;
				MTL_FAST_MATH = YES;
				ONLY_ACTIVE_ARCH = YES;
				SWIFT_ACTIVE_COMPILATION_CONDITIONS = "DEBUG $(inherited)";
				SWIFT_OPTIMIZATION_LEVEL = "-Onone";
			};
			name = Debug;
		};
		4534E1CB2F3E6F9B00C6502C /* Release */ = {
			isa = XCBuildConfiguration;
			buildSettings = {
				ALWAYS_SEARCH_USER_PATHS = NO;
				ASSETCATALOG_COMPILER_GENERATE_SWIFT_ASSET_SYMBOL_EXTENSIONS = YES;
				CLANG_ANALYZER_NONNULL = YES;
				CLANG_ANALYZER_NUMBER_OBJECT_CONVERSION = YES_AGGRESSIVE;
				CLANG_CXX_LANGUAGE_STANDARD = "gnu++20";
				CLANG_ENABLE_MODULES = YES;
				CLANG_ENABLE_OBJC_ARC = YES;
				CLANG_ENABLE_OBJC_WEAK = YES;
				CLANG_WARN_BLOCK_CAPTURE_AUTORELEASING = YES;
				CLANG_WARN_BOOL_CONVERSION = YES;
				CLANG_WARN_COMMA = YES;
				CLANG_WARN_CONSTANT_CONVERSION = YES;
				CLANG_WARN_DEPRECATED_OBJC_IMPLEMENTATIONS = YES;
				CLANG_WARN_DIRECT_OBJC_ISA_USAGE = YES_ERROR;
				CLANG_WARN_DOCUMENTATION_COMMENTS = YES;
				CLANG_WARN_EMPTY_BODY = YES;
				CLANG_WARN_ENUM_CONVERSION = YES;
				CLANG_WARN_INFINITE_RECURSION = YES;
				CLANG_WARN_INT_CONVERSION = YES;
				CLANG_WARN_NON_LITERAL_NULL_CONVERSION = YES;
				CLANG_WARN_OBJC_IMPLICIT_RETAIN_SELF = YES;
				CLANG_WARN_OBJC_LITERAL_CONVERSION = YES;
				CLANG_WARN_OBJC_ROOT_CLASS = YES_ERROR;
				CLANG_WARN_QUOTED_INCLUDE_IN_FRAMEWORK_HEADER = YES;
				CLANG_WARN_RANGE_LOOP_ANALYSIS = YES;
				CLANG_WARN_STRICT_PROTOTYPES = YES;
				CLANG_WARN_SUSPICIOUS_MOVE = YES;
				CLANG_WARN_UNGUARDED_AVAILABILITY = YES_AGGRESSIVE;
				CLANG_WARN_UNREACHABLE_CODE = YES;
				CLANG_WARN__DUPLICATE_METHOD_MATCH = YES;
				COPY_PHASE_STRIP = NO;
				DEBUG_INFORMATION_FORMAT = "dwarf-with-dsym";
				ENABLE_NS_ASSERTIONS = NO;
				ENABLE_STRICT_OBJC_MSGSEND = YES;
				ENABLE_USER_SCRIPT_SANDBOXING = YES;
				GCC_C_LANGUAGE_STANDARD = gnu17;
				GCC_NO_COMMON_BLOCKS = YES;
				GCC_WARN_64_TO_32_BIT_CONVERSION = YES;
				GCC_WARN_ABOUT_RETURN_TYPE = YES_ERROR;
				GCC_WARN_UNDECLARED_SELECTOR = YES;
				GCC_WARN_UNINITIALIZED_AUTOS = YES_AGGRESSIVE;
				GCC_WARN_UNUSED_FUNCTION = YES;
				GCC_WARN_UNUSED_VARIABLE = YES;
				LOCALIZATION_PREFERS_STRING_CATALOGS = YES;
				MTL_ENABLE_DEBUG_INFO = NO;
				MTL_FAST_MATH = YES;
				SWIFT_COMPILATION_MODE = wholemodule;
			};
			name = Release;
		};
		4534E1CD2F3E6F9B00C6502C /* Debug */ = {
			isa = XCBuildConfiguration;
			buildSettings = {
				CODE_SIGN_STYLE = Automatic;
				CURRENT_PROJECT_VERSION = 1;
				GENERATE_INFOPLIST_FILE = YES;
				INFOPLIST_FILE = "iOS (Extension)/Info.plist";
				INFOPLIST_KEY_CFBundleDisplayName = "Tab ToDo - Safari Extension";
				INFOPLIST_KEY_NSHumanReadableCopyright = "";
				IPHONEOS_DEPLOYMENT_TARGET = 15.0;
				LD_RUNPATH_SEARCH_PATHS = (
					"$(inherited)",
					"@executable_path/Frameworks",
					"@executable_path/../../Frameworks",
				);
				MARKETING_VERSION = 1.0;
				OTHER_LDFLAGS = (
					"-framework",
					SafariServices,
				);
				PRODUCT_BUNDLE_IDENTIFIER = "com.yourCompany.Tab-ToDo---Safari.Extension";
				PRODUCT_NAME = "Tab ToDo - Safari Extension";
				SDKROOT = iphoneos;
				SKIP_INSTALL = YES;
				STRING_CATALOG_GENERATE_SYMBOLS = YES;
				SWIFT_APPROACHABLE_CONCURRENCY = YES;
				SWIFT_EMIT_LOC_STRINGS = YES;
				SWIFT_UPCOMING_FEATURE_MEMBER_IMPORT_VISIBILITY = YES;
				SWIFT_VERSION = 5.0;
				TARGETED_DEVICE_FAMILY = "1,2";
			};
			name = Debug;
		};
		4534E1CE2F3E6F9B00C6502C /* Release */ = {
			isa = XCBuildConfiguration;
			buildSettings = {
				CODE_SIGN_STYLE = Automatic;
				CURRENT_PROJECT_VERSION = 1;
				GENERATE_INFOPLIST_FILE = YES;
				INFOPLIST_FILE = "iOS (Extension)/Info.plist";
				INFOPLIST_KEY_CFBundleDisplayName = "Tab ToDo - Safari Extension";
				INFOPLIST_KEY_NSHumanReadableCopyright = "";
				IPHONEOS_DEPLOYMENT_TARGET = 15.0;
				LD_RUNPATH_SEARCH_PATHS = (
					"$(inherited)",
					"@executable_path/Frameworks",
					"@executable_path/../../Frameworks",
				);
				MARKETING_VERSION = 1.0;
				OTHER_LDFLAGS = (
					"-framework",
					SafariServices,
				);
				PRODUCT_BUNDLE_IDENTIFIER = "com.yourCompany.Tab-ToDo---Safari.Extension";
				PRODUCT_NAME = "Tab ToDo - Safari Extension";
				SDKROOT = iphoneos;
				SKIP_INSTALL = YES;
				STRING_CATALOG_GENERATE_SYMBOLS = YES;
				SWIFT_APPROACHABLE_CONCURRENCY = YES;
				SWIFT_EMIT_LOC_STRINGS = YES;
				SWIFT_UPCOMING_FEATURE_MEMBER_IMPORT_VISIBILITY = YES;
				SWIFT_VERSION = 5.0;
				TARGETED_DEVICE_FAMILY = "1,2";
				VALIDATE_PRODUCT = YES;
			};
			name = Release;
		};
		4534E1D12F3E6F9B00C6502C /* Debug */ = {
			isa = XCBuildConfiguration;
			buildSettings = {
				ASSETCATALOG_COMPILER_APPICON_NAME = AppIcon;
				ASSETCATALOG_COMPILER_GLOBAL_ACCENT_COLOR_NAME = AccentColor;
				CODE_SIGN_STYLE = Automatic;
				CURRENT_PROJECT_VERSION = 1;
				GENERATE_INFOPLIST_FILE = YES;
				INFOPLIST_FILE = "iOS (App)/Info.plist";
				INFOPLIST_KEY_CFBundleDisplayName = "Tab ToDo - Safari";
				INFOPLIST_KEY_UIApplicationSupportsIndirectInputEvents = YES;
				INFOPLIST_KEY_UILaunchStoryboardName = LaunchScreen;
				INFOPLIST_KEY_UIMainStoryboardFile = Main;
				INFOPLIST_KEY_UISupportedInterfaceOrientations = "UIInterfaceOrientationPortrait UIInterfaceOrientationLandscapeLeft UIInterfaceOrientationLandscapeRight";
				INFOPLIST_KEY_UISupportedInterfaceOrientations_iPad = "UIInterfaceOrientationPortrait UIInterfaceOrientationPortraitUpsideDown UIInterfaceOrientationLandscapeLeft UIInterfaceOrientationLandscapeRight";
				IPHONEOS_DEPLOYMENT_TARGET = 15.0;
				LD_RUNPATH_SEARCH_PATHS = (
					"$(inherited)",
					"@executable_path/Frameworks",
				);
				MARKETING_VERSION = 1.0;
				OTHER_LDFLAGS = (
					"-framework",
					SafariServices,
					"-framework",
					WebKit,
				);
				PRODUCT_BUNDLE_IDENTIFIER = "com.yourCompany.Tab-ToDo---Safari";
				PRODUCT_NAME = "Tab ToDo - Safari";
				SDKROOT = iphoneos;
				STRING_CATALOG_GENERATE_SYMBOLS = YES;
				SWIFT_APPROACHABLE_CONCURRENCY = YES;
				SWIFT_DEFAULT_ACTOR_ISOLATION = MainActor;
				SWIFT_EMIT_LOC_STRINGS = YES;
				SWIFT_UPCOMING_FEATURE_MEMBER_IMPORT_VISIBILITY = YES;
				SWIFT_VERSION = 5.0;
				TARGETED_DEVICE_FAMILY = "1,2";
			};
			name = Debug;
		};
		4534E1D22F3E6F9B00C6502C /* Release */ = {
			isa = XCBuildConfiguration;
			buildSettings = {
				ASSETCATALOG_COMPILER_APPICON_NAME = AppIcon;
				ASSETCATALOG_COMPILER_GLOBAL_ACCENT_COLOR_NAME = AccentColor;
				CODE_SIGN_STYLE = Automatic;
				CURRENT_PROJECT_VERSION = 1;
				GENERATE_INFOPLIST_FILE = YES;
				INFOPLIST_FILE = "iOS (App)/Info.plist";
				INFOPLIST_KEY_CFBundleDisplayName = "Tab ToDo - Safari";
				INFOPLIST_KEY_UIApplicationSupportsIndirectInputEvents = YES;
				INFOPLIST_KEY_UILaunchStoryboardName = LaunchScreen;
				INFOPLIST_KEY_UIMainStoryboardFile = Main;
				INFOPLIST_KEY_UISupportedInterfaceOrientations = "UIInterfaceOrientationPortrait UIInterfaceOrientationLandscapeLeft UIInterfaceOrientationLandscapeRight";
				INFOPLIST_KEY_UISupportedInterfaceOrientations_iPad = "UIInterfaceOrientationPortrait UIInterfaceOrientationPortraitUpsideDown UIInterfaceOrientationLandscapeLeft UIInterfaceOrientationLandscapeRight";
				IPHONEOS_DEPLOYMENT_TARGET = 15.0;
				LD_RUNPATH_SEARCH_PATHS = (
					"$(inherited)",
					"@executable_path/Frameworks",
				);
				MARKETING_VERSION = 1.0;
				OTHER_LDFLAGS = (
					"-framework",
					SafariServices,
					"-framework",
					WebKit,
				);
				PRODUCT_BUNDLE_IDENTIFIER = "com.yourCompany.Tab-ToDo---Safari";
				PRODUCT_NAME = "Tab ToDo - Safari";
				SDKROOT = iphoneos;
				STRING_CATALOG_GENERATE_SYMBOLS = YES;
				SWIFT_APPROACHABLE_CONCURRENCY = YES;
				SWIFT_DEFAULT_ACTOR_ISOLATION = MainActor;
				SWIFT_EMIT_LOC_STRINGS = YES;
				SWIFT_UPCOMING_FEATURE_MEMBER_IMPORT_VISIBILITY = YES;
				SWIFT_VERSION = 5.0;
				TARGETED_DEVICE_FAMILY = "1,2";
				VALIDATE_PRODUCT = YES;
			};
			name = Release;
		};
		4534E1D42F3E6F9B00C6502C /* Debug */ = {
			isa = XCBuildConfiguration;
			buildSettings = {
				CODE_SIGN_STYLE = Automatic;
				CURRENT_PROJECT_VERSION = 1;
				ENABLE_APP_SANDBOX = YES;
				ENABLE_HARDENED_RUNTIME = YES;
				ENABLE_USER_SELECTED_FILES = readonly;
				GENERATE_INFOPLIST_FILE = YES;
				INFOPLIST_FILE = "macOS (Extension)/Info.plist";
				INFOPLIST_KEY_CFBundleDisplayName = "Tab ToDo - Safari Extension";
				INFOPLIST_KEY_NSHumanReadableCopyright = "";
				LD_RUNPATH_SEARCH_PATHS = (
					"$(inherited)",
					"@executable_path/../Frameworks",
					"@executable_path/../../../../Frameworks",
				);
				MACOSX_DEPLOYMENT_TARGET = 10.14;
				MARKETING_VERSION = 1.0;
				OTHER_LDFLAGS = (
					"-framework",
					SafariServices,
				);
				PRODUCT_BUNDLE_IDENTIFIER = "com.yourCompany.Tab-ToDo---Safari.Extension";
				PRODUCT_NAME = "Tab ToDo - Safari Extension";
				SDKROOT = macosx;
				SKIP_INSTALL = YES;
				STRING_CATALOG_GENERATE_SYMBOLS = YES;
				SWIFT_APPROACHABLE_CONCURRENCY = YES;
				SWIFT_EMIT_LOC_STRINGS = YES;
				SWIFT_UPCOMING_FEATURE_MEMBER_IMPORT_VISIBILITY = YES;
				SWIFT_VERSION = 5.0;
			};
			name = Debug;
		};
		4534E1D52F3E6F9B00C6502C /* Release */ = {
			isa = XCBuildConfiguration;
			buildSettings = {
				CODE_SIGN_STYLE = Automatic;
				CURRENT_PROJECT_VERSION = 1;
				ENABLE_APP_SANDBOX = YES;
				ENABLE_HARDENED_RUNTIME = YES;
				ENABLE_USER_SELECTED_FILES = readonly;
				GENERATE_INFOPLIST_FILE = YES;
				INFOPLIST_FILE = "macOS (Extension)/Info.plist";
				INFOPLIST_KEY_CFBundleDisplayName = "Tab ToDo - Safari Extension";
				INFOPLIST_KEY_NSHumanReadableCopyright = "";
				LD_RUNPATH_SEARCH_PATHS = (
					"$(inherited)",
					"@executable_path/../Frameworks",
					"@executable_path/../../../../Frameworks",
				);
				MACOSX_DEPLOYMENT_TARGET = 10.14;
				MARKETING_VERSION = 1.0;
				OTHER_LDFLAGS = (
					"-framework",
					SafariServices,
				);
				PRODUCT_BUNDLE_IDENTIFIER = "com.yourCompany.Tab-ToDo---Safari.Extension";
				PRODUCT_NAME = "Tab ToDo - Safari Extension";
				SDKROOT = macosx;
				SKIP_INSTALL = YES;
				STRING_CATALOG_GENERATE_SYMBOLS = YES;
				SWIFT_APPROACHABLE_CONCURRENCY = YES;
				SWIFT_EMIT_LOC_STRINGS = YES;
				SWIFT_UPCOMING_FEATURE_MEMBER_IMPORT_VISIBILITY = YES;
				SWIFT_VERSION = 5.0;
			};
			name = Release;
		};
		4534E1D82F3E6F9B00C6502C /* Debug */ = {
			isa = XCBuildConfiguration;
			buildSettings = {
				ASSETCATALOG_COMPILER_APPICON_NAME = AppIcon;
				ASSETCATALOG_COMPILER_GLOBAL_ACCENT_COLOR_NAME = AccentColor;
				CODE_SIGN_STYLE = Automatic;
				CURRENT_PROJECT_VERSION = 1;
				ENABLE_APP_SANDBOX = YES;
				ENABLE_HARDENED_RUNTIME = YES;
				ENABLE_OUTGOING_NETWORK_CONNECTIONS = YES;
				ENABLE_USER_SELECTED_FILES = readonly;
				GENERATE_INFOPLIST_FILE = YES;
				INFOPLIST_FILE = "macOS (App)/Info.plist";
				INFOPLIST_KEY_CFBundleDisplayName = "Tab ToDo - Safari";
				INFOPLIST_KEY_NSMainStoryboardFile = Main;
				INFOPLIST_KEY_NSPrincipalClass = NSApplication;
				LD_RUNPATH_SEARCH_PATHS = (
					"$(inherited)",
					"@executable_path/../Frameworks",
				);
				MACOSX_DEPLOYMENT_TARGET = 10.14;
				MARKETING_VERSION = 1.0;
				OTHER_LDFLAGS = (
					"-framework",
					SafariServices,
					"-framework",
					WebKit,
				);
				PRODUCT_BUNDLE_IDENTIFIER = "com.yourCompany.Tab-ToDo---Safari";
				PRODUCT_NAME = "Tab ToDo - Safari";
				REGISTER_APP_GROUPS = YES;
				SDKROOT = macosx;
				STRING_CATALOG_GENERATE_SYMBOLS = YES;
				SWIFT_APPROACHABLE_CONCURRENCY = YES;
				SWIFT_DEFAULT_ACTOR_ISOLATION = MainActor;
				SWIFT_EMIT_LOC_STRINGS = YES;
				SWIFT_UPCOMING_FEATURE_MEMBER_IMPORT_VISIBILITY = YES;
				SWIFT_VERSION = 5.0;
			};
			name = Debug;
		};
		4534E1D92F3E6F9B00C6502C /* Release */ = {
			isa = XCBuildConfiguration;
			buildSettings = {
				ASSETCATALOG_COMPILER_APPICON_NAME = AppIcon;
				ASSETCATALOG_COMPILER_GLOBAL_ACCENT_COLOR_NAME = AccentColor;
				CODE_SIGN_STYLE = Automatic;
				CURRENT_PROJECT_VERSION = 1;
				ENABLE_APP_SANDBOX = YES;
				ENABLE_HARDENED_RUNTIME = YES;
				ENABLE_OUTGOING_NETWORK_CONNECTIONS = YES;
				ENABLE_USER_SELECTED_FILES = readonly;
				GENERATE_INFOPLIST_FILE = YES;
				INFOPLIST_FILE = "macOS (App)/Info.plist";
				INFOPLIST_KEY_CFBundleDisplayName = "Tab ToDo - Safari";
				INFOPLIST_KEY_NSMainStoryboardFile = Main;
				INFOPLIST_KEY_NSPrincipalClass = NSApplication;
				LD_RUNPATH_SEARCH_PATHS = (
					"$(inherited)",
					"@executable_path/../Frameworks",
				);
				MACOSX_DEPLOYMENT_TARGET = 10.14;
				MARKETING_VERSION = 1.0;
				OTHER_LDFLAGS = (
					"-framework",
					SafariServices,
					"-framework",
					WebKit,
				);
				PRODUCT_BUNDLE_IDENTIFIER = "com.yourCompany.Tab-ToDo---Safari";
				PRODUCT_NAME = "Tab ToDo - Safari";
				REGISTER_APP_GROUPS = YES;
				SDKROOT = macosx;
				STRING_CATALOG_GENERATE_SYMBOLS = YES;
				SWIFT_APPROACHABLE_CONCURRENCY = YES;
				SWIFT_DEFAULT_ACTOR_ISOLATION = MainActor;
				SWIFT_EMIT_LOC_STRINGS = YES;
				SWIFT_UPCOMING_FEATURE_MEMBER_IMPORT_VISIBILITY = YES;
				SWIFT_VERSION = 5.0;
			};
			name = Release;
		};
/* End XCBuildConfiguration section */

/* Begin XCConfigurationList section */
		4534E17E2F3E6F9A00C6502C /* Build configuration list for PBXProject "Tab ToDo - Safari" */ = {
			isa = XCConfigurationList;
			buildConfigurations = (
				4534E1CA2F3E6F9B00C6502C /* Debug */,
				4534E1CB2F3E6F9B00C6502C /* Release */,
			);
			defaultConfigurationIsVisible = 0;
			defaultConfigurationName = Release;
		};
		4534E1CC2F3E6F9B00C6502C /* Build configuration list for PBXNativeTarget "Tab ToDo - Safari Extension (iOS)" */ = {
			isa = XCConfigurationList;
			buildConfigurations = (
				4534E1CD2F3E6F9B00C6502C /* Debug */,
				4534E1CE2F3E6F9B00C6502C /* Release */,
			);
			defaultConfigurationIsVisible = 0;
			defaultConfigurationName = Release;
		};
		4534E1D02F3E6F9B00C6502C /* Build configuration list for PBXNativeTarget "Tab ToDo - Safari (iOS)" */ = {
			isa = XCConfigurationList;
			buildConfigurations = (
				4534E1D12F3E6F9B00C6502C /* Debug */,
				4534E1D22F3E6F9B00C6502C /* Release */,
			);
			defaultConfigurationIsVisible = 0;
			defaultConfigurationName = Release;
		};
		4534E1D32F3E6F9B00C6502C /* Build configuration list for PBXNativeTarget "Tab ToDo - Safari Extension (macOS)" */ = {
			isa = XCConfigurationList;
			buildConfigurations = (
				4534E1D42F3E6F9B00C6502C /* Debug */,
				4534E1D52F3E6F9B00C6502C /* Release */,
			);
			defaultConfigurationIsVisible = 0;
			defaultConfigurationName = Release;
		};
		4534E1D72F3E6F9B00C6502C /* Build configuration list for PBXNativeTarget "Tab ToDo - Safari (macOS)" */ = {
			isa = XCConfigurationList;
			buildConfigurations = (
				4534E1D82F3E6F9B00C6502C /* Debug */,
				4534E1D92F3E6F9B00C6502C /* Release */,
			);
			defaultConfigurationIsVisible = 0;
			defaultConfigurationName = Release;
		};
/* End XCConfigurationList section */
	};
	rootObject = 4534E17B2F3E6F9A00C6502C /* Project object */;
}
